
Microsoft Visual Studio Solution File, Format Version 11.00
# Visual Studio 2010
Project("{FAE04EC0-301F-11D3-BF4B-00C04F79EFBC}") = "RiaStackPanel", "RiaStackPanel\RiaStackPanel.csproj", "{D81C6902-1139-4857-B9F8-07766A0289A1}"
EndProject
Project("{00000000-0000-0000-0000-000000000000}") = "RiaStackPanel.Web", "RiaStackPanel.Web\RiaStackPanel.Web.csproj", "{11228CD8-7814-4982-807D-D1789EFCE4C6}"
EndProject
Global
	GlobalSection(SolutionConfigurationPlatforms) = preSolution
		Debug|Any CPU = Debug|Any CPU
		Release|Any CPU = Release|Any CPU
	EndGlobalSection
	GlobalSection(ProjectConfigurationPlatforms) = postSolution
		{D81C6902-1139-4857-B9F8-07766A0289A1}.Debug|Any CPU.ActiveCfg = Debug|Any CPU
		{D81C6902-1139-4857-B9F8-07766A0289A1}.Debug|Any CPU.Build.0 = Debug|Any CPU
		{D81C6902-1139-4857-B9F8-07766A0289A1}.Release|Any CPU.ActiveCfg = Release|Any CPU
		{D81C6902-1139-4857-B9F8-07766A0289A1}.Release|Any CPU.Build.0 = Release|Any CPU
		{11228CD8-7814-4982-807D-D1789EFCE4C6}.Debug|Any CPU.ActiveCfg = Debug|Any CPU
		{11228CD8-7814-4982-807D-D1789EFCE4C6}.Debug|Any CPU.Build.0 = Debug|Any CPU
		{11228CD8-7814-4982-807D-D1789EFCE4C6}.Release|Any CPU.ActiveCfg = Release|Any CPU
		{11228CD8-7814-4982-807D-D1789EFCE4C6}.Release|Any CPU.Build.0 = Release|Any CPU
	EndGlobalSection
	GlobalSection(SolutionProperties) = preSolution
		HideSolutionNode = FALSE
	EndGlobalSection
EndGlobal
